
Microsoft Visual Studio Solution File, Format Version 12.00
# Visual Studio Version 16
VisualStudioVersion = 16.0.31313.79
MinimumVisualStudioVersion = 10.0.40219.1
Project("{FAE04EC0-301F-11D3-BF4B-00C04F79EFBC}") = "MyPlace", "MyPlace.csproj", "{E6329371-DD7F-401B-9247-CC5C7E979C1F}"
EndProject
Global
	GlobalSection(SolutionConfigurationPlatforms) = preSolution
		Debug|Any CPU = Debug|Any CPU
		Release|Any CPU = Release|Any CPU
	EndGlobalSection
	GlobalSection(ProjectConfigurationPlatforms) = postSolution
		{E6329371-DD7F-401B-9247-CC5C7E979C1F}.Debug|Any CPU.ActiveCfg = Debug|Any CPU
		{E6329371-DD7F-401B-9247-CC5C7E979C1F}.Debug|Any CPU.Build.0 = Debug|Any CPU
		{E6329371-DD7F-401B-9247-CC5C7E979C1F}.Release|Any CPU.ActiveCfg = Release|Any CPU
		{E6329371-DD7F-401B-9247-CC5C7E979C1F}.Release|Any CPU.Build.0 = Release|Any CPU
	EndGlobalSection
	GlobalSection(SolutionProperties) = preSolution
		HideSolutionNode = FALSE
	EndGlobalSection
	GlobalSection(ExtensibilityGlobals) = postSolution
		SolutionGuid = {D33C73E4-5E14-4627-90FC-95F9D670F3FD}
	EndGlobalSection
EndGlobal
